
Microsoft Visual Studio Solution File, Format Version 12.00
# Visual Studio Version 17
VisualStudioVersion = 17.0.0.0
MinimumVisualStudioVersion = 10.0.40219.1
Project("{2150E333-8FDC-42A3-9474-1A3956D46DE8}") = "Backend", "Backend", "{1AE8ACA6-933B-BF2A-3671-3E2EAC007D16}"
EndProject
Project("{FAE04EC0-301F-11D3-BF4B-00C04F79EFBC}") = "Recruitment.Domain", "Backend\Recruitment.Domain\Recruitment.Domain.csproj", "{E359EA7A-7D52-4969-8C32-F25B44769167}"
EndProject
Project("{FAE04EC0-301F-11D3-BF4B-00C04F79EFBC}") = "Recruitment.Application", "Backend\Recruitment.Application\Recruitment.Application.csproj", "{A99B5662-4C56-40F4-BCFA-82C46894DB96}"
EndProject
Project("{FAE04EC0-301F-11D3-BF4B-00C04F79EFBC}") = "Recruitment.Persistence", "Backend\Recruitment.Persistence\Recruitment.Persistence.csproj", "{482A0B18-05CF-4DDC-8E89-D28F051ACC64}"
EndProject
Project("{FAE04EC0-301F-11D3-BF4B-00C04F79EFBC}") = "Recruitment.Infrastructure", "Backend\Recruitment.Infrastructure\Recruitment.Infrastructure.csproj", "{D8AE2DF1-46E6-4232-AAAC-FDDD7F7C0EC7}"
EndProject
Project("{FAE04EC0-301F-11D3-BF4B-00C04F79EFBC}") = "Recruitment.API", "Backend\Recruitment.API\Recruitment.API.csproj", "{727BF812-7766-4AAA-B660-0DA3B8E61461}"
EndProject
Global
	GlobalSection(SolutionConfigurationPlatforms) = preSolution
		Debug|Any CPU = Debug|Any CPU
		Debug|x64 = Debug|x64
		Debug|x86 = Debug|x86
		Release|Any CPU = Release|Any CPU
		Release|x64 = Release|x64
		Release|x86 = Release|x86
	EndGlobalSection
	GlobalSection(ProjectConfigurationPlatforms) = postSolution
		{E359EA7A-7D52-4969-8C32-F25B44769167}.Debug|Any CPU.ActiveCfg = Debug|Any CPU
		{E359EA7A-7D52-4969-8C32-F25B44769167}.Debug|Any CPU.Build.0 = Debug|Any CPU
		{E359EA7A-7D52-4969-8C32-F25B44769167}.Debug|x64.ActiveCfg = Debug|Any CPU
		{E359EA7A-7D52-4969-8C32-F25B44769167}.Debug|x64.Build.0 = Debug|Any CPU
		{E359EA7A-7D52-4969-8C32-F25B44769167}.Debug|x86.ActiveCfg = Debug|Any CPU
		{E359EA7A-7D52-4969-8C32-F25B44769167}.Debug|x86.Build.0 = Debug|Any CPU
		{E359EA7A-7D52-4969-8C32-F25B44769167}.Release|Any CPU.ActiveCfg = Release|Any CPU
		{E359EA7A-7D52-4969-8C32-F25B44769167}.Release|Any CPU.Build.0 = Release|Any CPU
		{E359EA7A-7D52-4969-8C32-F25B44769167}.Release|x64.ActiveCfg = Release|Any CPU
		{E359EA7A-7D52-4969-8C32-F25B44769167}.Release|x64.Build.0 = Release|Any CPU
		{E359EA7A-7D52-4969-8C32-F25B44769167}.Release|x86.ActiveCfg = Release|Any CPU
		{E359EA7A-7D52-4969-8C32-F25B44769167}.Release|x86.Build.0 = Release|Any CPU
		{A99B5662-4C56-40F4-BCFA-82C46894DB96}.Debug|Any CPU.ActiveCfg = Debug|Any CPU
		{A99B5662-4C56-40F4-BCFA-82C46894DB96}.Debug|Any CPU.Build.0 = Debug|Any CPU
		{A99B5662-4C56-40F4-BCFA-82C46894DB96}.Debug|x64.ActiveCfg = Debug|Any CPU
		{A99B5662-4C56-40F4-BCFA-82C46894DB96}.Debug|x64.Build.0 = Debug|Any CPU
		{A99B5662-4C56-40F4-BCFA-82C46894DB96}.Debug|x86.ActiveCfg = Debug|Any CPU
		{A99B5662-4C56-40F4-BCFA-82C46894DB96}.Debug|x86.Build.0 = Debug|Any CPU
		{A99B5662-4C56-40F4-BCFA-82C46894DB96}.Release|Any CPU.ActiveCfg = Release|Any CPU
		{A99B5662-4C56-40F4-BCFA-82C46894DB96}.Release|Any CPU.Build.0 = Release|Any CPU
		{A99B5662-4C56-40F4-BCFA-82C46894DB96}.Release|x64.ActiveCfg = Release|Any CPU
		{A99B5662-4C56-40F4-BCFA-82C46894DB96}.Release|x64.Build.0 = Release|Any CPU
		{A99B5662-4C56-40F4-BCFA-82C46894DB96}.Release|x86.ActiveCfg = Release|Any CPU
		{A99B5662-4C56-40F4-BCFA-82C46894DB96}.Release|x86.Build.0 = Release|Any CPU
		{482A0B18-05CF-4DDC-8E89-D28F051ACC64}.Debug|Any CPU.ActiveCfg = Debug|Any CPU
		{482A0B18-05CF-4DDC-8E89-D28F051ACC64}.Debug|Any CPU.Build.0 = Debug|Any CPU
		{482A0B18-05CF-4DDC-8E89-D28F051ACC64}.Debug|x64.ActiveCfg = Debug|Any CPU
		{482A0B18-05CF-4DDC-8E89-D28F051ACC64}.Debug|x64.Build.0 = Debug|Any CPU
		{482A0B18-05CF-4DDC-8E89-D28F051ACC64}.Debug|x86.ActiveCfg = Debug|Any CPU
		{482A0B18-05CF-4DDC-8E89-D28F051ACC64}.Debug|x86.Build.0 = Debug|Any CPU
		{482A0B18-05CF-4DDC-8E89-D28F051ACC64}.Release|Any CPU.ActiveCfg = Release|Any CPU
		{482A0B18-05CF-4DDC-8E89-D28F051ACC64}.Release|Any CPU.Build.0 = Release|Any CPU
		{482A0B18-05CF-4DDC-8E89-D28F051ACC64}.Release|x64.ActiveCfg = Release|Any CPU
		{482A0B18-05CF-4DDC-8E89-D28F051ACC64}.Release|x64.Build.0 = Release|Any CPU
		{482A0B18-05CF-4DDC-8E89-D28F051ACC64}.Release|x86.ActiveCfg = Release|Any CPU
		{482A0B18-05CF-4DDC-8E89-D28F051ACC64}.Release|x86.Build.0 = Release|Any CPU
		{D8AE2DF1-46E6-4232-AAAC-FDDD7F7C0EC7}.Debug|Any CPU.ActiveCfg = Debug|Any CPU
		{D8AE2DF1-46E6-4232-AAAC-FDDD7F7C0EC7}.Debug|Any CPU.Build.0 = Debug|Any CPU
		{D8AE2DF1-46E6-4232-AAAC-FDDD7F7C0EC7}.Debug|x64.ActiveCfg = Debug|Any CPU
		{D8AE2DF1-46E6-4232-AAAC-FDDD7F7C0EC7}.Debug|x64.Build.0 = Debug|Any CPU
		{D8AE2DF1-46E6-4232-AAAC-FDDD7F7C0EC7}.Debug|x86.ActiveCfg = Debug|Any CPU
		{D8AE2DF1-46E6-4232-AAAC-FDDD7F7C0EC7}.Debug|x86.Build.0 = Debug|Any CPU
		{D8AE2DF1-46E6-4232-AAAC-FDDD7F7C0EC7}.Release|Any CPU.ActiveCfg = Release|Any CPU
		{D8AE2DF1-46E6-4232-AAAC-FDDD7F7C0EC7}.Release|Any CPU.Build.0 = Release|Any CPU
		{D8AE2DF1-46E6-4232-AAAC-FDDD7F7C0EC7}.Release|x64.ActiveCfg = Release|Any CPU
		{D8AE2DF1-46E6-4232-AAAC-FDDD7F7C0EC7}.Release|x64.Build.0 = Release|Any CPU
		{D8AE2DF1-46E6-4232-AAAC-FDDD7F7C0EC7}.Release|x86.ActiveCfg = Release|Any CPU
		{D8AE2DF1-46E6-4232-AAAC-FDDD7F7C0EC7}.Release|x86.Build.0 = Release|Any CPU
		{727BF812-7766-4AAA-B660-0DA3B8E61461}.Debug|Any CPU.ActiveCfg = Debug|Any CPU
		{727BF812-7766-4AAA-B660-0DA3B8E61461}.Debug|Any CPU.Build.0 = Debug|Any CPU
		{727BF812-7766-4AAA-B660-0DA3B8E61461}.Debug|x64.ActiveCfg = Debug|Any CPU
		{727BF812-7766-4AAA-B660-0DA3B8E61461}.Debug|x64.Build.0 = Debug|Any CPU
		{727BF812-7766-4AAA-B660-0DA3B8E61461}.Debug|x86.ActiveCfg = Debug|Any CPU
		{727BF812-7766-4AAA-B660-0DA3B8E61461}.Debug|x86.Build.0 = Debug|Any CPU
		{727BF812-7766-4AAA-B660-0DA3B8E61461}.Release|Any CPU.ActiveCfg = Release|Any CPU
		{727BF812-7766-4AAA-B660-0DA3B8E61461}.Release|Any CPU.Build.0 = Release|Any CPU
		{727BF812-7766-4AAA-B660-0DA3B8E61461}.Release|x64.ActiveCfg = Release|Any CPU
		{727BF812-7766-4AAA-B660-0DA3B8E61461}.Release|x64.Build.0 = Release|Any CPU
		{727BF812-7766-4AAA-B660-0DA3B8E61461}.Release|x86.ActiveCfg = Release|Any CPU
		{727BF812-7766-4AAA-B660-0DA3B8E61461}.Release|x86.Build.0 = Release|Any CPU
	EndGlobalSection
	GlobalSection(SolutionProperties) = preSolution
		HideSolutionNode = FALSE
	EndGlobalSection
	GlobalSection(NestedProjects) = preSolution
		{E359EA7A-7D52-4969-8C32-F25B44769167} = {1AE8ACA6-933B-BF2A-3671-3E2EAC007D16}
		{A99B5662-4C56-40F4-BCFA-82C46894DB96} = {1AE8ACA6-933B-BF2A-3671-3E2EAC007D16}
		{482A0B18-05CF-4DDC-8E89-D28F051ACC64} = {1AE8ACA6-933B-BF2A-3671-3E2EAC007D16}
		{D8AE2DF1-46E6-4232-AAAC-FDDD7F7C0EC7} = {1AE8ACA6-933B-BF2A-3671-3E2EAC007D16}
		{727BF812-7766-4AAA-B660-0DA3B8E61461} = {1AE8ACA6-933B-BF2A-3671-3E2EAC007D16}
	EndGlobalSection
EndGlobal
